
Microsoft Visual Studio Solution File, Format Version 12.00
# Visual Studio 15
VisualStudioVersion = 15.0.28307.438
MinimumVisualStudioVersion = 10.0.40219.1
Project("{8BC9CEB8-8B4A-11D0-8D11-00A0C91BC942}") = "Xuanwu", "Xuanwu\Xuanwu.vcxproj", "{E094FBE2-279C-4281-81BE-5DC245508CC8}"
	ProjectSection(ProjectDependencies) = postProject
		{2A923120-8868-440B-A8AC-C972B41CD968} = {2A923120-8868-440B-A8AC-C972B41CD968}
	EndProjectSection
EndProject
Project("{8BC9CEB8-8B4A-11D0-8D11-00A0C91BC942}") = "XuanwuTcpSvr", "XuanwuTcpSvr\XuanwuTcpSvr.vcxproj", "{D7D42540-F1E7-4915-87C8-1725EBEA920E}"
	ProjectSection(ProjectDependencies) = postProject
		{2A923120-8868-440B-A8AC-C972B41CD968} = {2A923120-8868-440B-A8AC-C972B41CD968}
	EndProjectSection
EndProject
Project("{8BC9CEB8-8B4A-11D0-8D11-00A0C91BC942}") = "SDL_Lesson", "SDL_Lesson\SDL_Lesson.vcxproj", "{10BBAED0-57B7-467F-8161-170AE1D3D755}"
EndProject
Project("{8BC9CEB8-8B4A-11D0-8D11-00A0C91BC942}") = "XWModel", "XWModel\XWModel.vcxproj", "{2A923120-8868-440B-A8AC-C972B41CD968}"
EndProject
Project("{8BC9CEB8-8B4A-11D0-8D11-00A0C91BC942}") = "XuanwuNet", "XuanwuNet\XuanwuNet.vcxproj", "{70AA3F39-8154-4964-BC3E-3D399A56BA1E}"
EndProject
Global
	GlobalSection(SolutionConfigurationPlatforms) = preSolution
		Debug|x64 = Debug|x64
		Debug|x86 = Debug|x86
		Release|x64 = Release|x64
		Release|x86 = Release|x86
	EndGlobalSection
	GlobalSection(ProjectConfigurationPlatforms) = postSolution
		{E094FBE2-279C-4281-81BE-5DC245508CC8}.Debug|x64.ActiveCfg = Debug|x64
		{E094FBE2-279C-4281-81BE-5DC245508CC8}.Debug|x64.Build.0 = Debug|x64
		{E094FBE2-279C-4281-81BE-5DC245508CC8}.Debug|x86.ActiveCfg = Debug|Win32
		{E094FBE2-279C-4281-81BE-5DC245508CC8}.Debug|x86.Build.0 = Debug|Win32
		{E094FBE2-279C-4281-81BE-5DC245508CC8}.Release|x64.ActiveCfg = Release|x64
		{E094FBE2-279C-4281-81BE-5DC245508CC8}.Release|x64.Build.0 = Release|x64
		{E094FBE2-279C-4281-81BE-5DC245508CC8}.Release|x86.ActiveCfg = Release|Win32
		{E094FBE2-279C-4281-81BE-5DC245508CC8}.Release|x86.Build.0 = Release|Win32
		{D7D42540-F1E7-4915-87C8-1725EBEA920E}.Debug|x64.ActiveCfg = Debug|x64
		{D7D42540-F1E7-4915-87C8-1725EBEA920E}.Debug|x64.Build.0 = Debug|x64
		{D7D42540-F1E7-4915-87C8-1725EBEA920E}.Debug|x86.ActiveCfg = Debug|Win32
		{D7D42540-F1E7-4915-87C8-1725EBEA920E}.Debug|x86.Build.0 = Debug|Win32
		{D7D42540-F1E7-4915-87C8-1725EBEA920E}.Release|x64.ActiveCfg = Release|x64
		{D7D42540-F1E7-4915-87C8-1725EBEA920E}.Release|x64.Build.0 = Release|x64
		{D7D42540-F1E7-4915-87C8-1725EBEA920E}.Release|x86.ActiveCfg = Release|Win32
		{D7D42540-F1E7-4915-87C8-1725EBEA920E}.Release|x86.Build.0 = Release|Win32
		{10BBAED0-57B7-467F-8161-170AE1D3D755}.Debug|x64.ActiveCfg = Debug|x64
		{10BBAED0-57B7-467F-8161-170AE1D3D755}.Debug|x64.Build.0 = Debug|x64
		{10BBAED0-57B7-467F-8161-170AE1D3D755}.Debug|x86.ActiveCfg = Debug|Win32
		{10BBAED0-57B7-467F-8161-170AE1D3D755}.Debug|x86.Build.0 = Debug|Win32
		{10BBAED0-57B7-467F-8161-170AE1D3D755}.Release|x64.ActiveCfg = Release|x64
		{10BBAED0-57B7-467F-8161-170AE1D3D755}.Release|x64.Build.0 = Release|x64
		{10BBAED0-57B7-467F-8161-170AE1D3D755}.Release|x86.ActiveCfg = Release|Win32
		{10BBAED0-57B7-467F-8161-170AE1D3D755}.Release|x86.Build.0 = Release|Win32
		{2A923120-8868-440B-A8AC-C972B41CD968}.Debug|x64.ActiveCfg = Debug|x64
		{2A923120-8868-440B-A8AC-C972B41CD968}.Debug|x64.Build.0 = Debug|x64
		{2A923120-8868-440B-A8AC-C972B41CD968}.Debug|x86.ActiveCfg = Debug|Win32
		{2A923120-8868-440B-A8AC-C972B41CD968}.Debug|x86.Build.0 = Debug|Win32
		{2A923120-8868-440B-A8AC-C972B41CD968}.Release|x64.ActiveCfg = Release|x64
		{2A923120-8868-440B-A8AC-C972B41CD968}.Release|x64.Build.0 = Release|x64
		{2A923120-8868-440B-A8AC-C972B41CD968}.Release|x86.ActiveCfg = Release|Win32
		{2A923120-8868-440B-A8AC-C972B41CD968}.Release|x86.Build.0 = Release|Win32
		{70AA3F39-8154-4964-BC3E-3D399A56BA1E}.Debug|x64.ActiveCfg = Debug|x64
		{70AA3F39-8154-4964-BC3E-3D399A56BA1E}.Debug|x64.Build.0 = Debug|x64
		{70AA3F39-8154-4964-BC3E-3D399A56BA1E}.Debug|x86.ActiveCfg = Debug|Win32
		{70AA3F39-8154-4964-BC3E-3D399A56BA1E}.Debug|x86.Build.0 = Debug|Win32
		{70AA3F39-8154-4964-BC3E-3D399A56BA1E}.Release|x64.ActiveCfg = Release|x64
		{70AA3F39-8154-4964-BC3E-3D399A56BA1E}.Release|x64.Build.0 = Release|x64
		{70AA3F39-8154-4964-BC3E-3D399A56BA1E}.Release|x86.ActiveCfg = Release|Win32
		{70AA3F39-8154-4964-BC3E-3D399A56BA1E}.Release|x86.Build.0 = Release|Win32
	EndGlobalSection
	GlobalSection(SolutionProperties) = preSolution
		HideSolutionNode = FALSE
	EndGlobalSection
	GlobalSection(ExtensibilityGlobals) = postSolution
		SolutionGuid = {CDE79749-9198-453C-8224-9C1A688D0A25}
	EndGlobalSection
EndGlobal
