<?xml version="1.0" encoding="utf-8"?>
<Project ToolsVersion="4.0" xmlns="http://schemas.microsoft.com/developer/msbuild/2003">
  <ItemGroup>
    <Filter Include="Source Files">
      <UniqueIdentifier>{4FC737F1-C7A5-4376-A066-2A32D752A2FF}</UniqueIdentifier>
      <Extensions>cpp;c;cc;cxx;def;odl;idl;hpj;bat;asm;asmx</Extensions>
    </Filter>
    <Filter Include="Header Files">
      <UniqueIdentifier>{93995380-89BD-4b04-88EB-625FBE52EBFB}</UniqueIdentifier>
      <Extensions>h;hh;hpp;hxx;hm;inl;inc;ipp;xsd</Extensions>
    </Filter>
    <Filter Include="Resource Files">
      <UniqueIdentifier>{67DA6AB6-F800-4c08-8B7A-83BB121AAD01}</UniqueIdentifier>
      <Extensions>rc;ico;cur;bmp;dlg;rc2;rct;bin;rgs;gif;jpg;jpeg;jpe;resx;tiff;tif;png;wav;mfcribbon-ms</Extensions>
    </Filter>
  </ItemGroup>
  <ItemGroup>
    <ClCompile Include="main.cpp">
      <Filter>Source Files</Filter>
    </ClCompile>
    <ClCompile Include="GameEngine.cpp">
      <Filter>Source Files</Filter>
    </ClCompile>
    <ClCompile Include="GameClient.cpp">
      <Filter>Source Files</Filter>
    </ClCompile>
    <ClCompile Include="GameView.cpp">
      <Filter>Source Files</Filter>
    </ClCompile>
    <ClCompile Include="GameController.cpp">
      <Filter>Source Files</Filter>
    </ClCompile>
    <ClCompile Include="BaseView.cpp">
      <Filter>Source Files</Filter>
    </ClCompile>
    <ClCompile Include="BoardView.cpp">
      <Filter>Source Files</Filter>
    </ClCompile>
    <ClCompile Include="CellView.cpp">
      <Filter>Source Files</Filter>
    </ClCompile>
    <ClCompile Include="MapView.cpp">
      <Filter>Source Files</Filter>
    </ClCompile>
    <ClCompile Include="MineView.cpp">
      <Filter>Source Files</Filter>
    </ClCompile>
    <ClCompile Include="PanelView.cpp">
      <Filter>Source Files</Filter>
    </ClCompile>
    <ClCompile Include="BaseController.cpp">
      <Filter>Source Files</Filter>
    </ClCompile>
    <ClCompile Include="BoardController.cpp">
      <Filter>Source Files</Filter>
    </ClCompile>
    <ClCompile Include="PanelController.cpp">
      <Filter>Source Files</Filter>
    </ClCompile>
    <ClCompile Include="MapController.cpp">
      <Filter>Source Files</Filter>
    </ClCompile>
    <ClCompile Include="CellController.cpp">
      <Filter>Source Files</Filter>
    </ClCompile>
    <ClCompile Include="MineController.cpp">
      <Filter>Source Files</Filter>
    </ClCompile>
    <ClCompile Include="PanelScaleView.cpp">
      <Filter>Source Files</Filter>
    </ClCompile>
    <ClCompile Include="PanelActionView.cpp">
      <Filter>Source Files</Filter>
    </ClCompile>
    <ClCompile Include="PanelActionController.cpp">
      <Filter>Source Files</Filter>
    </ClCompile>
    <ClCompile Include="PanelScaleController.cpp">
      <Filter>Source Files</Filter>
    </ClCompile>
    <ClCompile Include="ShopView.cpp">
      <Filter>Source Files</Filter>
    </ClCompile>
    <ClCompile Include="ShopController.cpp">
      <Filter>Source Files</Filter>
    </ClCompile>
    <ClCompile Include="CastleView.cpp">
      <Filter>Source Files</Filter>
    </ClCompile>
    <ClCompile Include="CastleController.cpp">
      <Filter>Source Files</Filter>
    </ClCompile>
    <ClCompile Include="GameConnection.cpp">
      <Filter>Source Files</Filter>
    </ClCompile>
  </ItemGroup>
  <ItemGroup>
    <ClInclude Include="GameEngine.h">
      <Filter>Header Files</Filter>
    </ClInclude>
    <ClInclude Include="Settings.h">
      <Filter>Header Files</Filter>
    </ClInclude>
    <ClInclude Include="Constants.h">
      <Filter>Header Files</Filter>
    </ClInclude>
    <ClInclude Include="ErrorHandling.h">
      <Filter>Header Files</Filter>
    </ClInclude>
    <ClInclude Include="GameClient.h">
      <Filter>Header Files</Filter>
    </ClInclude>
    <ClInclude Include="GameController.h">
      <Filter>Header Files</Filter>
    </ClInclude>
    <ClInclude Include="BaseView.h">
      <Filter>Header Files</Filter>
    </ClInclude>
    <ClInclude Include="BoardView.h">
      <Filter>Header Files</Filter>
    </ClInclude>
    <ClInclude Include="CellView.h">
      <Filter>Header Files</Filter>
    </ClInclude>
    <ClInclude Include="MapView.h">
      <Filter>Header Files</Filter>
    </ClInclude>
    <ClInclude Include="GameView.h">
      <Filter>Header Files</Filter>
    </ClInclude>
    <ClInclude Include="MineView.h">
      <Filter>Header Files</Filter>
    </ClInclude>
    <ClInclude Include="PanelView.h">
      <Filter>Header Files</Filter>
    </ClInclude>
    <ClInclude Include="BaseController.h">
      <Filter>Header Files</Filter>
    </ClInclude>
    <ClInclude Include="BoardController.h">
      <Filter>Header Files</Filter>
    </ClInclude>
    <ClInclude Include="PanelController.h">
      <Filter>Header Files</Filter>
    </ClInclude>
    <ClInclude Include="MapController.h">
      <Filter>Header Files</Filter>
    </ClInclude>
    <ClInclude Include="CellController.h">
      <Filter>Header Files</Filter>
    </ClInclude>
    <ClInclude Include="MineController.h">
      <Filter>Header Files</Filter>
    </ClInclude>
    <ClInclude Include="PanelScaleView.h">
      <Filter>Header Files</Filter>
    </ClInclude>
    <ClInclude Include="PanelActionView.h">
      <Filter>Header Files</Filter>
    </ClInclude>
    <ClInclude Include="PanelActionController.h">
      <Filter>Header Files</Filter>
    </ClInclude>
    <ClInclude Include="PanelScaleController.h">
      <Filter>Header Files</Filter>
    </ClInclude>
    <ClInclude Include="ShopView.h">
      <Filter>Header Files</Filter>
    </ClInclude>
    <ClInclude Include="ShopController.h">
      <Filter>Header Files</Filter>
    </ClInclude>
    <ClInclude Include="CastleView.h">
      <Filter>Header Files</Filter>
    </ClInclude>
    <ClInclude Include="CastleController.h">
      <Filter>Header Files</Filter>
    </ClInclude>
    <ClInclude Include="GameConnection.h">
      <Filter>Header Files</Filter>
    </ClInclude>
  </ItemGroup>
</Project>